<?xml version="1.0" encoding="utf-8"?>
<Project ToolsVersion="4.0" xmlns="http://schemas.microsoft.com/developer/msbuild/2003">
  <ItemGroup>
    <Filter Include="Resource Files">
      <UniqueIdentifier>{67DA6AB6-F800-4c08-8B7A-83BB121AAD01}</UniqueIdentifier>
      <Extensions>rc;ico;cur;bmp;dlg;rc2;rct;bin;rgs;gif;jpg;jpeg;jpe;resx;tiff;tif;png;wav;mfcribbon-ms</Extensions>
    </Filter>
    <Filter Include="Source Files">
      <UniqueIdentifier>{981a6353-b059-408c-80fc-56dcaf8e79e7}</UniqueIdentifier>
    </Filter>
    <Filter Include="Header Files">
      <UniqueIdentifier>{ef4e5bad-8f54-4b13-89c7-36183c6fdc29}</UniqueIdentifier>
    </Filter>
  </ItemGroup>
  <ItemGroup>
    <ClCompile Include="..\Graphs_and_FollowPath\Application.cpp">
      <Filter>Source Files</Filter>
    </ClCompile>
    <ClCompile Include="..\Graphs_and_FollowPath\Behaviour.cpp">
      <Filter>Source Files</Filter>
    </ClCompile>
    <ClCompile Include="..\Graphs_and_FollowPath\FleeBehaviour.cpp">
      <Filter>Source Files</Filter>
    </ClCompile>
    <ClCompile Include="..\Graphs_and_FollowPath\FollowBehaviour.cpp">
      <Filter>Source Files</Filter>
    </ClCompile>
    <ClCompile Include="..\Graphs_and_FollowPath\GameObject.cpp">
      <Filter>Source Files</Filter>
    </ClCompile>
    <ClCompile Include="..\Graphs_and_FollowPath\Graph2D.cpp">
      <Filter>Source Files</Filter>
    </ClCompile>
    <ClCompile Include="..\Graphs_and_FollowPath\Graph2DEditor.cpp">
      <Filter>Source Files</Filter>
    </ClCompile>
    <ClCompile Include="..\Graphs_and_FollowPath\KeyBoardBehaviour.cpp">
      <Filter>Source Files</Filter>
    </ClCompile>
    <ClCompile Include="..\Graphs_and_FollowPath\main.cpp">
      <Filter>Source Files</Filter>
    </ClCompile>
    <ClCompile Include="..\Graphs_and_FollowPath\Player.cpp">
      <Filter>Source Files</Filter>
    </ClCompile>
    <ClCompile Include="..\Graphs_and_FollowPath\SeekBehaviour.cpp">
      <Filter>Source Files</Filter>
    </ClCompile>
    <ClCompile Include="..\Graphs_and_FollowPath\WanderBehaviour.cpp">
      <Filter>Source Files</Filter>
    </ClCompile>
  </ItemGroup>
  <ItemGroup>
    <ClInclude Include="..\Graphs_and_FollowPath\Application.h">
      <Filter>Header Files</Filter>
    </ClInclude>
    <ClInclude Include="..\Graphs_and_FollowPath\FleeBehaviour.h">
      <Filter>Header Files</Filter>
    </ClInclude>
    <ClInclude Include="..\Graphs_and_FollowPath\FollowBehaviour.h">
      <Filter>Header Files</Filter>
    </ClInclude>
    <ClInclude Include="..\Graphs_and_FollowPath\GameObject.h">
      <Filter>Header Files</Filter>
    </ClInclude>
    <ClInclude Include="..\Graphs_and_FollowPath\Behaviour.h">
      <Filter>Header Files</Filter>
    </ClInclude>
    <ClInclude Include="..\Graphs_and_FollowPath\Graph.h">
      <Filter>Header Files</Filter>
    </ClInclude>
    <ClInclude Include="..\Graphs_and_FollowPath\Graph2D.h">
      <Filter>Header Files</Filter>
    </ClInclude>
    <ClInclude Include="..\Graphs_and_FollowPath\Graph2DEditor.h">
      <Filter>Header Files</Filter>
    </ClInclude>
    <ClInclude Include="..\Graphs_and_FollowPath\KeyBoardBehaviour.h">
      <Filter>Header Files</Filter>
    </ClInclude>
    <ClInclude Include="..\Graphs_and_FollowPath\Player.h">
      <Filter>Header Files</Filter>
    </ClInclude>
    <ClInclude Include="..\Graphs_and_FollowPath\SeekBehaviour.h">
      <Filter>Header Files</Filter>
    </ClInclude>
    <ClInclude Include="..\Graphs_and_FollowPath\WanderBehaviour.h">
      <Filter>Header Files</Filter>
    </ClInclude>
  </ItemGroup>
</Project>